<?xml version="1.0" encoding="UTF-8" standalone="yes" ?>
<CodeBlocks_project_file>
	<FileVersion major="1" minor="6" />
	<Project>
		<Option title="cron" />
		<Option pch_mode="2" />
		<Option compiler="gcc" />
		<Build>
			<Target title="Debug">
				<Option output="bin/Debug/cron" prefix_auto="1" extension_auto="1" />
				<Option object_output="obj/Debug/" />
				<Option type="1" />
				<Option compiler="gcc" />
				<Compiler>
					<Add option="-g" />
				</Compiler>
			</Target>
			<Target title="Release">
				<Option output="bin/Release/cron" prefix_auto="1" extension_auto="1" />
				<Option object_output="obj/Release/" />
				<Option type="1" />
				<Option compiler="gcc" />
				<Compiler>
					<Add option="-O2" />
				</Compiler>
				<Linker>
					<Add option="-s" />
				</Linker>
			</Target>
		</Build>
		<Compiler>
			<Add option="-Wall" />
			<Add option="-std=c++11" />
			<Add option="-fexceptions" />
			<Add option="-DTEST" />
			<Add directory="../../../Catch2/single_include" />
			<Add directory="../../player3/include" />
			<Add directory="../../common/include" />
			<Add directory="../../external/jsoncpp/dist" />
			<Add directory="../../external/log/include" />
		</Compiler>
		<Linker>
			<Add library="pml_log" />
			<Add directory="../../external/log/lib" />
		</Linker>
		<Unit filename="../../../Catch2/include/catch.hpp" />
		<Unit filename="../../common/include/epicron.h" />
		<Unit filename="../../common/include/utils.h" />
		<Unit filename="../../common/src/epicron.cpp" />
		<Unit filename="../../common/src/utils.cpp" />
		<Unit filename="../../external/jsoncpp/dist/jsoncpp.cpp" />
		<Unit filename="main.cpp" />
		<Extensions>
			<code_completion />
			<debugger />
		</Extensions>
	</Project>
</CodeBlocks_project_file>
