<?xml version="1.0" encoding="UTF-8" standalone="yes" ?>
<CodeBlocks_project_file>
	<FileVersion major="1" minor="6" />
	<Project>
		<Option title="player3" />
		<Option pch_mode="2" />
		<Option compiler="gcc" />
		<Build>
			<Target title="Debug">
				<Option output="bin/Debug/player3" prefix_auto="1" extension_auto="1" />
				<Option object_output="obj/Debug/" />
				<Option type="1" />
				<Option compiler="gcc" />
				<Option parameters="p 0f349e3a-c622-340f-a511-0dd1c00fc531 1 0" />
				<Compiler>
					<Add option="-g" />
				</Compiler>
				<Linker>
					<Add library="pml_logd" />
					<Add directory="../external/log/lib" />
				</Linker>
			</Target>
			<Target title="Release">
				<Option output="bin/Release/player3" prefix_auto="1" extension_auto="1" />
				<Option object_output="obj/Release/" />
				<Option type="1" />
				<Option compiler="gcc" />
				<Compiler>
					<Add option="-O2" />
				</Compiler>
				<Linker>
					<Add option="-s" />
					<Add library="pml_log" />
				</Linker>
			</Target>
		</Build>
		<Compiler>
			<Add option="-Wall" />
			<Add option="-fexceptions" />
			<Add directory="../external/jsoncpp/dist" />
			<Add directory="../common/include" />
			<Add directory="../external/uuid" />
			<Add directory="include" />
			<Add directory="../external/log/include" />
			<Add directory="../external/date" />
		</Compiler>
		<Linker>
			<Add library="pthread" />
			<Add library="sndfile" />
			<Add library="portaudio" />
			<Add library="samplerate" />
		</Linker>
		<Unit filename="../common/include/epicron.h" />
		<Unit filename="../common/include/utils.h" />
		<Unit filename="../common/src/epicron.cpp" />
		<Unit filename="../common/src/inimanager.cpp" />
		<Unit filename="../common/src/inisection.cpp" />
		<Unit filename="../common/src/utils.cpp" />
		<Unit filename="../external/jsoncpp/dist/jsoncpp.cpp" />
		<Unit filename="include/audiofile.h" />
		<Unit filename="include/epiwriter.h" />
		<Unit filename="include/filesource.h" />
		<Unit filename="include/mp3file.h" />
		<Unit filename="include/playlist.h" />
		<Unit filename="include/playout.h" />
		<Unit filename="include/resampler.h" />
		<Unit filename="include/resources.h" />
		<Unit filename="include/schedule.h" />
		<Unit filename="include/soundfile.h" />
		<Unit filename="main.cpp" />
		<Unit filename="src/audiofile.cpp" />
		<Unit filename="src/epiwriter.cpp" />
		<Unit filename="src/filesource.cpp" />
		<Unit filename="src/mp3file.cpp" />
		<Unit filename="src/playlist.cpp" />
		<Unit filename="src/playout.cpp" />
		<Unit filename="src/resampler.cpp" />
		<Unit filename="src/resources.cpp" />
		<Unit filename="src/schedule.cpp" />
		<Unit filename="src/soundfile.cpp" />
		<Extensions>
			<code_completion />
			<debugger />
		</Extensions>
	</Project>
</CodeBlocks_project_file>
