<?xml version="1.0" encoding="UTF-8" standalone="yes" ?>
<CodeBlocks_project_file>
	<FileVersion major="1" minor="6" />
	<Project>
		<Option title="player" />
		<Option pch_mode="2" />
		<Option compiler="gcc" />
		<Build>
			<Target title="Debug">
				<Option output="bin/Debug/player" prefix_auto="1" extension_auto="1" />
				<Option object_output="obj/Debug/" />
				<Option type="1" />
				<Option compiler="gcc" />
				<Compiler>
					<Add option="-g" />
					<Add option="-D__GNU__" />
				</Compiler>
				<Linker>
					<Add library="portaudio" />
					<Add library="sndfile" />
					<Add library="pml_logd" />
					<Add library="ssl" />
					<Add library="crypto" />
				</Linker>
			</Target>
			<Target title="Release">
				<Option output="bin/Release/player" prefix_auto="1" extension_auto="1" />
				<Option object_output="obj/Release/" />
				<Option type="1" />
				<Option compiler="gcc" />
				<Compiler>
					<Add option="-O2" />
					<Add option="-D__GNU__" />
					<Add option="-DNDEBUG" />
				</Compiler>
				<Linker>
					<Add option="-s" />
					<Add library="portaudio" />
					<Add library="sndfile" />
					<Add library="pml_log" />
					<Add library="ssl" />
					<Add library="crypto" />
				</Linker>
			</Target>
		</Build>
		<Compiler>
			<Add option="-Wall" />
			<Add option="-std=c++14" />
			<Add option="-fexceptions" />
			<Add option="-DMG_ENABLE_HTTP_STREAMING_MULTIPART" />
			<Add option="-DMG_ENABLE_SSL" />
			<Add directory="../external/jsoncpp/dist" />
			<Add directory="../external/log/include" />
			<Add directory="include" />
			<Add directory="../external/uuid" />
			<Add directory="../external/cpp-base64" />
		</Compiler>
		<Linker>
			<Add library="pthread" />
			<Add directory="../external/log/lib" />
		</Linker>
		<Unit filename="../external/jsoncpp/dist/jsoncpp.cpp" />
		<Unit filename="../external/uuid/guid.cpp" />
		<Unit filename="../external/uuid/guid.h" />
		<Unit filename="../external/uuid/md5.cpp" />
		<Unit filename="../external/uuid/md5.h" />
		<Unit filename="include/audiofile.h" />
		<Unit filename="include/endpoints.h" />
		<Unit filename="include/inimanager.h" />
		<Unit filename="include/inisection.h" />
		<Unit filename="include/mongoose.h" />
		<Unit filename="include/mongooseserver.h" />
		<Unit filename="include/mp3file.h" />
		<Unit filename="include/namedtype.h" />
		<Unit filename="include/resource.h" />
		<Unit filename="include/resourcemanager.h" />
		<Unit filename="include/response.h" />
		<Unit filename="include/utils.h" />
		<Unit filename="include/wavfile.h" />
		<Unit filename="src/audiofile.cpp" />
		<Unit filename="src/endpoints.cpp" />
		<Unit filename="src/inimanager.cpp" />
		<Unit filename="src/inisection.cpp" />
		<Unit filename="src/main.cpp" />
		<Unit filename="src/mongoose.c">
			<Option compilerVar="CC" />
		</Unit>
		<Unit filename="src/mongooseserver.cpp" />
		<Unit filename="src/mp3file.cpp" />
		<Unit filename="src/resource.cpp" />
		<Unit filename="src/resourcemanager.cpp" />
		<Unit filename="src/utils.cpp" />
		<Unit filename="src/wavfile.cpp" />
		<Extensions>
			<code_completion />
			<debugger />
		</Extensions>
	</Project>
</CodeBlocks_project_file>
