<?xml version="1.0" encoding="UTF-8" standalone="yes" ?>
<CodeBlocks_project_file>
	<FileVersion major="1" minor="6" />
	<Project>
		<Option title="server" />
		<Option pch_mode="2" />
		<Option compiler="gcc" />
		<Build>
			<Target title="Debug">
				<Option output="../bin/episerver" prefix_auto="1" extension_auto="1" />
				<Option object_output="obj/Debug/" />
				<Option type="1" />
				<Option compiler="gcc" />
				<Option parameters="/var/ePi/config.ini" />
				<Compiler>
					<Add option="-g" />
					<Add option="-D__GNU__" />
				</Compiler>
				<Linker>
					<Add library="portaudio" />
					<Add library="sndfile" />
					<Add library="ssl" />
					<Add library="crypto" />
				</Linker>
			</Target>
			<Target title="Release">
				<Option output="../bin/episerver" prefix_auto="1" extension_auto="1" />
				<Option object_output="obj/Release/" />
				<Option type="1" />
				<Option compiler="gcc" />
				<Option parameters="/var/ePi/config.ini" />
				<Compiler>
					<Add option="-O2" />
					<Add option="-D__GNU__" />
					<Add option="-DNDEBUG" />
				</Compiler>
				<Linker>
					<Add option="-s" />
					<Add library="portaudio" />
					<Add library="sndfile" />
					<Add library="ssl" />
					<Add library="crypto" />
				</Linker>
			</Target>
		</Build>
		<Compiler>
			<Add option="-Wnon-virtual-dtor" />
			<Add option="-Wshadow" />
			<Add option="-Winit-self" />
			<Add option="-Wredundant-decls" />
			<Add option="-Wcast-align" />
			<Add option="-Wundef" />
			<Add option="-Wfloat-equal" />
			<Add option="-Winline" />
			<Add option="-Wunreachable-code" />
			<Add option="-Wmissing-declarations" />
			<Add option="-Wmissing-include-dirs" />
			<Add option="-Wswitch-enum" />
			<Add option="-Wswitch-default" />
			<Add option="-Wzero-as-null-pointer-constant" />
			<Add option="-Wmain" />
			<Add option="-pedantic" />
			<Add option="-Wextra" />
			<Add option="-std=c++14" />
			<Add option="-fexceptions" />
			<Add option="-DMG_ENABLE_HTTP_STREAMING_MULTIPART" />
			<Add option="-DMG_ENABLE_SSL" />
			<Add directory="../external/jsoncpp/dist" />
			<Add directory="../external/log/include" />
			<Add directory="include" />
			<Add directory="../external/uuid" />
			<Add directory="../common/include" />
		</Compiler>
		<Linker>
			<Add library="pthread" />
			<Add directory="../external/log/lib" />
		</Linker>
		<ExtraCommands>
			<Add before="../autoversion src/version.cpp" />
		</ExtraCommands>
		<Unit filename="../common/include/epicron.h" />
		<Unit filename="../common/include/inimanager.h" />
		<Unit filename="../common/include/inisection.h" />
		<Unit filename="../common/include/jsonutils.h" />
		<Unit filename="../common/include/logtofile.h" />
		<Unit filename="../common/include/mongoose.h" />
		<Unit filename="../common/include/namedtype.h" />
		<Unit filename="../common/include/utils.h" />
		<Unit filename="../common/src/epicron.cpp" />
		<Unit filename="../common/src/inimanager.cpp" />
		<Unit filename="../common/src/inisection.cpp" />
		<Unit filename="../common/src/jsonutils.cpp" />
		<Unit filename="../common/src/logtofile.cpp" />
		<Unit filename="../common/src/mongoose.c">
			<Option compilerVar="CC" />
		</Unit>
		<Unit filename="../common/src/utils.cpp" />
		<Unit filename="../external/jsoncpp/dist/jsoncpp.cpp" />
		<Unit filename="../external/log/src/log.cpp" />
		<Unit filename="../external/uuid/guid.cpp" />
		<Unit filename="../external/uuid/guid.h" />
		<Unit filename="../external/uuid/md5.cpp" />
		<Unit filename="../external/uuid/md5.h" />
		<Unit filename="include/audiofile.h" />
		<Unit filename="include/core.h" />
		<Unit filename="include/launcher.h" />
		<Unit filename="include/mongooseserver.h" />
		<Unit filename="include/mp3file.h" />
		<Unit filename="include/ntpstatus.h" />
		<Unit filename="include/proccheck.h" />
		<Unit filename="include/resource.h" />
		<Unit filename="include/resourcemanager.h" />
		<Unit filename="include/response.h" />
		<Unit filename="include/sysinfomanager.h" />
		<Unit filename="include/uidutils.h" />
		<Unit filename="include/version.h" />
		<Unit filename="include/wavfile.h" />
		<Unit filename="src/audiofile.cpp" />
		<Unit filename="src/core.cpp" />
		<Unit filename="src/launcher.cpp" />
		<Unit filename="src/main.cpp" />
		<Unit filename="src/mongooseserver.cpp" />
		<Unit filename="src/mp3file.cpp" />
		<Unit filename="src/ntpstatus.cpp" />
		<Unit filename="src/proccheck.cpp" />
		<Unit filename="src/resource.cpp" />
		<Unit filename="src/resourcemanager.cpp" />
		<Unit filename="src/sysinfomanager.cpp" />
		<Unit filename="src/uidutils.cpp" />
		<Unit filename="src/version.cpp" />
		<Unit filename="src/wavfile.cpp" />
		<Extensions>
			<code_completion />
			<debugger />
			<envvars />
		</Extensions>
	</Project>
</CodeBlocks_project_file>
